
Microsoft Visual Studio Solution File, Format Version 12.00
# Visual Studio Version 17
VisualStudioVersion = 17.3.32804.467
MinimumVisualStudioVersion = 10.0.40219.1
Project("{9A19103F-16F7-4668-BE54-9A1E7A4F7556}") = "Batch1-DET-2022", "Batch1-DET-2022\Batch1-DET-2022.csproj", "{EE0C4101-FC0D-4FC5-ABED-B687D83062B4}"
EndProject
Project("{FAE04EC0-301F-11D3-BF4B-00C04F79EFBC}") = "MyClassLibrary", "MyClassLibrary\MyClassLibrary.csproj", "{DE3C7A1B-810F-4AF9-85B2-49005070DE7C}"
EndProject
Project("{FAE04EC0-301F-11D3-BF4B-00C04F79EFBC}") = "EmployeeTest", "EmployeeTest\EmployeeTest.csproj", "{914A117C-BA61-4653-B278-96531034AEE9}"
EndProject
Global
	GlobalSection(SolutionConfigurationPlatforms) = preSolution
		Debug|Any CPU = Debug|Any CPU
		Release|Any CPU = Release|Any CPU
	EndGlobalSection
	GlobalSection(ProjectConfigurationPlatforms) = postSolution
		{EE0C4101-FC0D-4FC5-ABED-B687D83062B4}.Debug|Any CPU.ActiveCfg = Debug|Any CPU
		{EE0C4101-FC0D-4FC5-ABED-B687D83062B4}.Debug|Any CPU.Build.0 = Debug|Any CPU
		{EE0C4101-FC0D-4FC5-ABED-B687D83062B4}.Release|Any CPU.ActiveCfg = Release|Any CPU
		{EE0C4101-FC0D-4FC5-ABED-B687D83062B4}.Release|Any CPU.Build.0 = Release|Any CPU
		{DE3C7A1B-810F-4AF9-85B2-49005070DE7C}.Debug|Any CPU.ActiveCfg = Debug|Any CPU
		{DE3C7A1B-810F-4AF9-85B2-49005070DE7C}.Debug|Any CPU.Build.0 = Debug|Any CPU
		{DE3C7A1B-810F-4AF9-85B2-49005070DE7C}.Release|Any CPU.ActiveCfg = Release|Any CPU
		{DE3C7A1B-810F-4AF9-85B2-49005070DE7C}.Release|Any CPU.Build.0 = Release|Any CPU
		{914A117C-BA61-4653-B278-96531034AEE9}.Debug|Any CPU.ActiveCfg = Debug|Any CPU
		{914A117C-BA61-4653-B278-96531034AEE9}.Debug|Any CPU.Build.0 = Debug|Any CPU
		{914A117C-BA61-4653-B278-96531034AEE9}.Release|Any CPU.ActiveCfg = Release|Any CPU
		{914A117C-BA61-4653-B278-96531034AEE9}.Release|Any CPU.Build.0 = Release|Any CPU
	EndGlobalSection
	GlobalSection(SolutionProperties) = preSolution
		HideSolutionNode = FALSE
	EndGlobalSection
	GlobalSection(ExtensibilityGlobals) = postSolution
		SolutionGuid = {6011AA09-D941-48D3-B2DD-46FF01AF0EF2}
	EndGlobalSection
EndGlobal
